
Microsoft Visual Studio Solution File, Format Version 12.00
# Visual Studio Version 16
VisualStudioVersion = 16.0.32602.291
MinimumVisualStudioVersion = 10.0.40219.1
Project("{FAE04EC0-301F-11D3-BF4B-00C04F79EFBC}") = "Timer", "Timer\Timer.csproj", "{99BD34E6-059A-4424-834A-60EA482B9665}"
EndProject
Global
	GlobalSection(SolutionConfigurationPlatforms) = preSolution
		Debug|Any CPU = Debug|Any CPU
		Release|Any CPU = Release|Any CPU
	EndGlobalSection
	GlobalSection(ProjectConfigurationPlatforms) = postSolution
		{99BD34E6-059A-4424-834A-60EA482B9665}.Debug|Any CPU.ActiveCfg = Debug|Any CPU
		{99BD34E6-059A-4424-834A-60EA482B9665}.Debug|Any CPU.Build.0 = Debug|Any CPU
		{99BD34E6-059A-4424-834A-60EA482B9665}.Release|Any CPU.ActiveCfg = Release|Any CPU
		{99BD34E6-059A-4424-834A-60EA482B9665}.Release|Any CPU.Build.0 = Release|Any CPU
	EndGlobalSection
	GlobalSection(SolutionProperties) = preSolution
		HideSolutionNode = FALSE
	EndGlobalSection
	GlobalSection(ExtensibilityGlobals) = postSolution
		SolutionGuid = {BE98B126-EBBA-44E1-9D41-548A9CC8F41D}
	EndGlobalSection
EndGlobal
